
Microsoft Visual Studio Solution File, Format Version 12.00
Project("{FAE04EC0-301F-11D3-BF4B-00C04F79EFBC}") = "LazyDoc", "LazyDoc.csproj", "{9C333BA8-9879-4624-9FD9-789B53DBAE9F}"
EndProject
Global
	GlobalSection(SolutionConfigurationPlatforms) = preSolution
		Debug|Any CPU = Debug|Any CPU
		Release|Any CPU = Release|Any CPU
	EndGlobalSection
	GlobalSection(ProjectConfigurationPlatforms) = postSolution
		{9C333BA8-9879-4624-9FD9-789B53DBAE9F}.Debug|Any CPU.ActiveCfg = Debug|Any CPU
		{9C333BA8-9879-4624-9FD9-789B53DBAE9F}.Debug|Any CPU.Build.0 = Debug|Any CPU
		{9C333BA8-9879-4624-9FD9-789B53DBAE9F}.Release|Any CPU.ActiveCfg = Release|Any CPU
		{9C333BA8-9879-4624-9FD9-789B53DBAE9F}.Release|Any CPU.Build.0 = Release|Any CPU
	EndGlobalSection
EndGlobal
